
Microsoft Visual Studio Solution File, Format Version 12.00
# Visual Studio 2012
Project("{FAE04EC0-301F-11D3-BF4B-00C04F79EFBC}") = "DisneyCastlesCoreML", "DisneyCastlesCoreML\DisneyCastlesCoreML.csproj", "{7B8EF832-61E7-475C-851C-D6D8F88AB8B0}"
EndProject
Global
	GlobalSection(SolutionConfigurationPlatforms) = preSolution
		Debug|iPhoneSimulator = Debug|iPhoneSimulator
		Release|iPhone = Release|iPhone
		Release|iPhoneSimulator = Release|iPhoneSimulator
		Debug|iPhone = Debug|iPhone
	EndGlobalSection
	GlobalSection(ProjectConfigurationPlatforms) = postSolution
		{7B8EF832-61E7-475C-851C-D6D8F88AB8B0}.Debug|iPhoneSimulator.ActiveCfg = Debug|iPhoneSimulator
		{7B8EF832-61E7-475C-851C-D6D8F88AB8B0}.Debug|iPhoneSimulator.Build.0 = Debug|iPhoneSimulator
		{7B8EF832-61E7-475C-851C-D6D8F88AB8B0}.Release|iPhone.ActiveCfg = Release|iPhone
		{7B8EF832-61E7-475C-851C-D6D8F88AB8B0}.Release|iPhone.Build.0 = Release|iPhone
		{7B8EF832-61E7-475C-851C-D6D8F88AB8B0}.Release|iPhoneSimulator.ActiveCfg = Release|iPhoneSimulator
		{7B8EF832-61E7-475C-851C-D6D8F88AB8B0}.Release|iPhoneSimulator.Build.0 = Release|iPhoneSimulator
		{7B8EF832-61E7-475C-851C-D6D8F88AB8B0}.Debug|iPhone.ActiveCfg = Debug|iPhone
		{7B8EF832-61E7-475C-851C-D6D8F88AB8B0}.Debug|iPhone.Build.0 = Debug|iPhone
	EndGlobalSection
EndGlobal
